
Microsoft Visual Studio Solution File, Format Version 12.00
# Visual Studio Version 16
VisualStudioVersion = 16.0.29418.71
MinimumVisualStudioVersion = 10.0.40219.1
Project("{FAE04EC0-301F-11D3-BF4B-00C04F79EFBC}") = "FApps.API", "FApps.API\FApps.API.csproj", "{D79FC0F8-B13E-4097-92C8-8452C4A50BD2}"
EndProject
Project("{FAE04EC0-301F-11D3-BF4B-00C04F79EFBC}") = "FApps.Data", "FApps.Data\FApps.Data.csproj", "{57AA32D8-09AA-40BC-9863-1BB83DECEAC2}"
EndProject
Project("{FAE04EC0-301F-11D3-BF4B-00C04F79EFBC}") = "FApps.Core", "FApps.Core\FApps.Core.csproj", "{E2BEE147-BEEB-4E50-98DA-49BED66942F0}"
EndProject
Project("{FAE04EC0-301F-11D3-BF4B-00C04F79EFBC}") = "FApps.Services", "FApps.Services\FApps.Services.csproj", "{00B75577-7146-4AD2-B2A4-A3FA37E063D2}"
EndProject
Project("{FAE04EC0-301F-11D3-BF4B-00C04F79EFBC}") = "FApps.UnitTest", "FApps.UnitTest\FApps.UnitTest.csproj", "{454EB8DE-223B-4053-A3A2-DDA57E3D009D}"
EndProject
Global
	GlobalSection(SolutionConfigurationPlatforms) = preSolution
		Debug|Any CPU = Debug|Any CPU
		Release|Any CPU = Release|Any CPU
	EndGlobalSection
	GlobalSection(ProjectConfigurationPlatforms) = postSolution
		{D79FC0F8-B13E-4097-92C8-8452C4A50BD2}.Debug|Any CPU.ActiveCfg = Debug|Any CPU
		{D79FC0F8-B13E-4097-92C8-8452C4A50BD2}.Debug|Any CPU.Build.0 = Debug|Any CPU
		{D79FC0F8-B13E-4097-92C8-8452C4A50BD2}.Release|Any CPU.ActiveCfg = Release|Any CPU
		{D79FC0F8-B13E-4097-92C8-8452C4A50BD2}.Release|Any CPU.Build.0 = Release|Any CPU
		{57AA32D8-09AA-40BC-9863-1BB83DECEAC2}.Debug|Any CPU.ActiveCfg = Debug|Any CPU
		{57AA32D8-09AA-40BC-9863-1BB83DECEAC2}.Debug|Any CPU.Build.0 = Debug|Any CPU
		{57AA32D8-09AA-40BC-9863-1BB83DECEAC2}.Release|Any CPU.ActiveCfg = Release|Any CPU
		{57AA32D8-09AA-40BC-9863-1BB83DECEAC2}.Release|Any CPU.Build.0 = Release|Any CPU
		{E2BEE147-BEEB-4E50-98DA-49BED66942F0}.Debug|Any CPU.ActiveCfg = Debug|Any CPU
		{E2BEE147-BEEB-4E50-98DA-49BED66942F0}.Debug|Any CPU.Build.0 = Debug|Any CPU
		{E2BEE147-BEEB-4E50-98DA-49BED66942F0}.Release|Any CPU.ActiveCfg = Release|Any CPU
		{E2BEE147-BEEB-4E50-98DA-49BED66942F0}.Release|Any CPU.Build.0 = Release|Any CPU
		{00B75577-7146-4AD2-B2A4-A3FA37E063D2}.Debug|Any CPU.ActiveCfg = Debug|Any CPU
		{00B75577-7146-4AD2-B2A4-A3FA37E063D2}.Debug|Any CPU.Build.0 = Debug|Any CPU
		{00B75577-7146-4AD2-B2A4-A3FA37E063D2}.Release|Any CPU.ActiveCfg = Release|Any CPU
		{00B75577-7146-4AD2-B2A4-A3FA37E063D2}.Release|Any CPU.Build.0 = Release|Any CPU
		{454EB8DE-223B-4053-A3A2-DDA57E3D009D}.Debug|Any CPU.ActiveCfg = Debug|Any CPU
		{454EB8DE-223B-4053-A3A2-DDA57E3D009D}.Debug|Any CPU.Build.0 = Debug|Any CPU
		{454EB8DE-223B-4053-A3A2-DDA57E3D009D}.Release|Any CPU.ActiveCfg = Release|Any CPU
		{454EB8DE-223B-4053-A3A2-DDA57E3D009D}.Release|Any CPU.Build.0 = Release|Any CPU
	EndGlobalSection
	GlobalSection(SolutionProperties) = preSolution
		HideSolutionNode = FALSE
	EndGlobalSection
	GlobalSection(ExtensibilityGlobals) = postSolution
		SolutionGuid = {EB8811A2-DAB1-4754-B255-7ABF0F8B6BF8}
	EndGlobalSection
EndGlobal
